
Microsoft Visual Studio Solution File, Format Version 12.00
# Visual Studio Version 17
VisualStudioVersion = 17.7.34031.279
MinimumVisualStudioVersion = 10.0.40219.1
Project("{9A19103F-16F7-4668-BE54-9A1E7A4F7556}") = "YoutubeStuff", "YoutubeStuff.csproj", "{AC1633FD-FA82-49A4-9CC2-250B383A90D5}"
EndProject
Global
	GlobalSection(SolutionConfigurationPlatforms) = preSolution
		Debug|Any CPU = Debug|Any CPU
		Release|Any CPU = Release|Any CPU
	EndGlobalSection
	GlobalSection(ProjectConfigurationPlatforms) = postSolution
		{AC1633FD-FA82-49A4-9CC2-250B383A90D5}.Debug|Any CPU.ActiveCfg = Debug|Any CPU
		{AC1633FD-FA82-49A4-9CC2-250B383A90D5}.Debug|Any CPU.Build.0 = Debug|Any CPU
		{AC1633FD-FA82-49A4-9CC2-250B383A90D5}.Release|Any CPU.ActiveCfg = Release|Any CPU
		{AC1633FD-FA82-49A4-9CC2-250B383A90D5}.Release|Any CPU.Build.0 = Release|Any CPU
	EndGlobalSection
	GlobalSection(SolutionProperties) = preSolution
		HideSolutionNode = FALSE
	EndGlobalSection
	GlobalSection(ExtensibilityGlobals) = postSolution
		SolutionGuid = {E701F3B8-831B-49C7-B9F1-A78D8C1466DD}
	EndGlobalSection
EndGlobal
